
Microsoft Visual Studio Solution File, Format Version 12.00
# Visual Studio Version 16
VisualStudioVersion = 16.0.31129.286
MinimumVisualStudioVersion = 10.0.40219.1
Project("{FAE04EC0-301F-11D3-BF4B-00C04F79EFBC}") = "BuisnessLogic", "BuisnessLogic.csproj", "{19EF19BA-7337-449E-8313-9CC3ABC24938}"
EndProject
Project("{FAE04EC0-301F-11D3-BF4B-00C04F79EFBC}") = "UnitTests", "..\UnitTests\UnitTests.csproj", "{835080CD-19C4-43F2-A86F-7223CE3A64D0}"
EndProject
Global
	GlobalSection(SolutionConfigurationPlatforms) = preSolution
		Debug|Any CPU = Debug|Any CPU
		Release|Any CPU = Release|Any CPU
	EndGlobalSection
	GlobalSection(ProjectConfigurationPlatforms) = postSolution
		{19EF19BA-7337-449E-8313-9CC3ABC24938}.Debug|Any CPU.ActiveCfg = Debug|Any CPU
		{19EF19BA-7337-449E-8313-9CC3ABC24938}.Debug|Any CPU.Build.0 = Debug|Any CPU
		{19EF19BA-7337-449E-8313-9CC3ABC24938}.Release|Any CPU.ActiveCfg = Release|Any CPU
		{19EF19BA-7337-449E-8313-9CC3ABC24938}.Release|Any CPU.Build.0 = Release|Any CPU
		{835080CD-19C4-43F2-A86F-7223CE3A64D0}.Debug|Any CPU.ActiveCfg = Debug|Any CPU
		{835080CD-19C4-43F2-A86F-7223CE3A64D0}.Debug|Any CPU.Build.0 = Debug|Any CPU
		{835080CD-19C4-43F2-A86F-7223CE3A64D0}.Release|Any CPU.ActiveCfg = Release|Any CPU
		{835080CD-19C4-43F2-A86F-7223CE3A64D0}.Release|Any CPU.Build.0 = Release|Any CPU
	EndGlobalSection
	GlobalSection(SolutionProperties) = preSolution
		HideSolutionNode = FALSE
	EndGlobalSection
	GlobalSection(ExtensibilityGlobals) = postSolution
		SolutionGuid = {DB0A7EB6-51A4-4C6B-A1C0-730E644BB239}
	EndGlobalSection
EndGlobal
